
Microsoft Visual Studio Solution File, Format Version 12.00
Project("{FAE04EC0-301F-11D3-BF4B-00C04F79EFBC}") = "OllekBot", "OllekBot\OllekBot.csproj", "{9F23C130-3FC2-4A01-BBCE-0DDAACCED406}"
EndProject
Global
	GlobalSection(SolutionConfigurationPlatforms) = preSolution
		Debug|Any CPU = Debug|Any CPU
		Release|Any CPU = Release|Any CPU
	EndGlobalSection
	GlobalSection(ProjectConfigurationPlatforms) = postSolution
		{9F23C130-3FC2-4A01-BBCE-0DDAACCED406}.Debug|Any CPU.ActiveCfg = Debug|Any CPU
		{9F23C130-3FC2-4A01-BBCE-0DDAACCED406}.Debug|Any CPU.Build.0 = Debug|Any CPU
		{9F23C130-3FC2-4A01-BBCE-0DDAACCED406}.Release|Any CPU.ActiveCfg = Release|Any CPU
		{9F23C130-3FC2-4A01-BBCE-0DDAACCED406}.Release|Any CPU.Build.0 = Release|Any CPU
	EndGlobalSection
EndGlobal
